{
  "version": 4,
  "terraform_version": "1.3.4",
  "serial": 30,
  "lineage": "dd27be35-36e1-b226-8d78-95e05dcb9295",
  "outputs": {},
  "resources": [
    {
      "mode": "data",
      "type": "local_file",
      "name": "lambda_assumeRole_policy",
      "provider": "provider[\"registry.terraform.io/hashicorp/local\"]",
      "instances": [
        {
          "schema_version": 0,
          "attributes": {
            "content": "{\n    \"Version\": \"2012-10-17\",\n    \"Statement\": [\n        {\n            \"Action\" : \"sts:AssumeRole\",\n            \"Principal\": {\n              \"Service\": \"lambda.amazonaws.com\"\n            },\n            \"Effect\": \"Allow\",\n            \"Sid\": \"assumeRole\"\n        }\n    ]\n}",
            "content_base64": "ewogICAgIlZlcnNpb24iOiAiMjAxMi0xMC0xNyIsCiAgICAiU3RhdGVtZW50IjogWwogICAgICAgIHsKICAgICAgICAgICAgIkFjdGlvbiIgOiAic3RzOkFzc3VtZVJvbGUiLAogICAgICAgICAgICAiUHJpbmNpcGFsIjogewogICAgICAgICAgICAgICJTZXJ2aWNlIjogImxhbWJkYS5hbWF6b25hd3MuY29tIgogICAgICAgICAgICB9LAogICAgICAgICAgICAiRWZmZWN0IjogIkFsbG93IiwKICAgICAgICAgICAgIlNpZCI6ICJhc3N1bWVSb2xlIgogICAgICAgIH0KICAgIF0KfQ==",
            "filename": "policy/assumeRole.json",
            "id": "909688bff19a5a52aa2404a3b9c9e254db22c484"
          },
          "sensitive_attributes": []
        }
      ]
    },
    {
      "mode": "data",
      "type": "local_file",
      "name": "lambda_policy",
      "provider": "provider[\"registry.terraform.io/hashicorp/local\"]",
      "instances": [
        {
          "schema_version": 0,
          "attributes": {
            "content": "{\n    \"Version\": \"2012-10-17\",\n    \"Statement\": [\n        {\n            \"Effect\": \"Allow\",\n            \"Action\": \"logs:CreateLogGroup\",\n            \"Resource\": \"arn:aws:logs:ca-central-1:ACCOUNT_ID:*:*:*\"\n        },\n        {\n            \"Effect\": \"Allow\",\n            \"Action\": [\n                \"logs:CreateLogStream\",\n                \"logs:PutLogEvents\"\n            ],\n            \"Resource\": [\n                \"arn:aws:logs:ca-central-1:ACCOUNT_ID:*:*:*\"\n            ]\n        },\n        {\n            \"Effect\": \"Allow\",\n            \"Action\": [\n                \"ec2:*\"\n            ],\n            \"Resource\": [\n                \"*\"\n            ]\n        }\n    ]\n}",
            "content_base64": "ewogICAgIlZlcnNpb24iOiAiMjAxMi0xMC0xNyIsCiAgICAiU3RhdGVtZW50IjogWwogICAgICAgIHsKICAgICAgICAgICAgIkVmZmVjdCI6ICJBbGxvdyIsCiAgICAgICAgICAgICJBY3Rpb24iOiAibG9nczpDcmVhdGVMb2dHcm91cCIsCiAgICAgICAgICAgICJSZXNvdXJjZSI6ICJhcm46YXdzOmxvZ3M6Y2EtY2VudHJhbC0xOkFDQ09VTlRfSUQ6KjoqOioiCiAgICAgICAgfSwKICAgICAgICB7CiAgICAgICAgICAgICJFZmZlY3QiOiAiQWxsb3ciLAogICAgICAgICAgICAiQWN0aW9uIjogWwogICAgICAgICAgICAgICAgImxvZ3M6Q3JlYXRlTG9nU3RyZWFtIiwKICAgICAgICAgICAgICAgICJsb2dzOlB1dExvZ0V2ZW50cyIKICAgICAgICAgICAgXSwKICAgICAgICAgICAgIlJlc291cmNlIjogWwogICAgICAgICAgICAgICAgImFybjphd3M6bG9nczpjYS1jZW50cmFsLTE6QUNDT1VOVF9JRDoqOio6KiIKICAgICAgICAgICAgXQogICAgICAgIH0sCiAgICAgICAgewogICAgICAgICAgICAiRWZmZWN0IjogIkFsbG93IiwKICAgICAgICAgICAgIkFjdGlvbiI6IFsKICAgICAgICAgICAgICAgICJlYzI6KiIKICAgICAgICAgICAgXSwKICAgICAgICAgICAgIlJlc291cmNlIjogWwogICAgICAgICAgICAgICAgIioiCiAgICAgICAgICAgIF0KICAgICAgICB9CiAgICBdCn0=",
            "filename": "policy/policy.json",
            "id": "5a727bfa74fbde36aa8e434b2a594822eb0c496d"
          },
          "sensitive_attributes": []
        }
      ]
    },
    {
      "mode": "managed",
      "type": "aws_cloudwatch_event_rule",
      "name": "event_rule",
      "provider": "provider[\"registry.terraform.io/hashicorp/aws\"]",
      "instances": [
        {
          "schema_version": 0,
          "attributes": {
            "arn": "arn:aws:events:us-west-1:485916066384:rule/automatic_ebs_snapshot_rule",
            "description": "Automatic rule for EBS snapshot creation",
            "event_bus_name": "default",
            "event_pattern": null,
            "id": "automatic_ebs_snapshot_rule",
            "is_enabled": true,
            "name": "automatic_ebs_snapshot_rule",
            "name_prefix": "",
            "role_arn": "",
            "schedule_expression": "cron(0 10 ? * SUN *)",
            "tags": null,
            "tags_all": {}
          },
          "sensitive_attributes": [],
          "private": "bnVsbA=="
        }
      ]
    },
    {
      "mode": "managed",
      "type": "aws_cloudwatch_event_target",
      "name": "target",
      "provider": "provider[\"registry.terraform.io/hashicorp/aws\"]",
      "instances": [
        {
          "schema_version": 1,
          "attributes": {
            "arn": "arn:aws:lambda:us-west-1:485916066384:function:automatic_ebs_snapshot",
            "batch_target": [],
            "dead_letter_config": [],
            "ecs_target": [],
            "event_bus_name": "default",
            "http_target": [],
            "id": "automatic_ebs_snapshot_rule-automatic_ebs_snapshot",
            "input": "",
            "input_path": "",
            "input_transformer": [],
            "kinesis_target": [],
            "redshift_target": [],
            "retry_policy": [],
            "role_arn": "",
            "rule": "automatic_ebs_snapshot_rule",
            "run_command_targets": [],
            "sqs_target": [],
            "target_id": "automatic_ebs_snapshot"
          },
          "sensitive_attributes": [],
          "private": "eyJzY2hlbWFfdmVyc2lvbiI6IjEifQ==",
          "dependencies": [
            "aws_cloudwatch_event_rule.event_rule",
            "aws_iam_role.lambda_assumeRole_policy",
            "aws_lambda_function.function_ebs",
            "data.local_file.lambda_assumeRole_policy"
          ]
        }
      ]
    },
    {
      "mode": "managed",
      "type": "aws_iam_role",
      "name": "lambda_assumeRole_policy",
      "provider": "provider[\"registry.terraform.io/hashicorp/aws\"]",
      "instances": [
        {
          "schema_version": 0,
          "attributes": {
            "arn": "arn:aws:iam::485916066384:role/ebsSnapshotPolicy",
            "assume_role_policy": "{\"Version\":\"2012-10-17\",\"Statement\":[{\"Sid\":\"assumeRole\",\"Effect\":\"Allow\",\"Principal\":{\"Service\":\"lambda.amazonaws.com\"},\"Action\":\"sts:AssumeRole\"}]}",
            "create_date": "2022-11-16T06:51:54Z",
            "description": "",
            "force_detach_policies": false,
            "id": "ebsSnapshotPolicy",
            "inline_policy": [
              {
                "name": "",
                "policy": ""
              }
            ],
            "managed_policy_arns": [],
            "max_session_duration": 3600,
            "name": "ebsSnapshotPolicy",
            "name_prefix": "",
            "path": "/",
            "permissions_boundary": null,
            "tags": null,
            "tags_all": {},
            "unique_id": "AROAXCIW2YJIGE4YMG4DY"
          },
          "sensitive_attributes": [],
          "private": "bnVsbA==",
          "dependencies": [
            "data.local_file.lambda_assumeRole_policy"
          ]
        }
      ]
    },
    {
      "mode": "managed",
      "type": "aws_iam_role_policy",
      "name": "pol",
      "provider": "provider[\"registry.terraform.io/hashicorp/aws\"]",
      "instances": [
        {
          "schema_version": 0,
          "attributes": {
            "id": "ebsSnapshotPolicy:policy",
            "name": "policy",
            "name_prefix": null,
            "policy": "{\n    \"Version\": \"2012-10-17\",\n    \"Statement\": [\n        {\n            \"Effect\": \"Allow\",\n            \"Action\": \"logs:CreateLogGroup\",\n            \"Resource\": \"arn:aws:logs:ca-central-1:485916066384:*:*:*\"\n        },\n        {\n            \"Effect\": \"Allow\",\n            \"Action\": [\n                \"logs:CreateLogStream\",\n                \"logs:PutLogEvents\"\n            ],\n            \"Resource\": [\n                \"arn:aws:logs:ca-central-1:485916066384:*:*:*\"\n            ]\n        },\n        {\n            \"Effect\": \"Allow\",\n            \"Action\": [\n                \"ec2:*\"\n            ],\n            \"Resource\": [\n                \"*\"\n            ]\n        }\n    ]\n}",
            "role": "ebsSnapshotPolicy"
          },
          "sensitive_attributes": [],
          "private": "bnVsbA==",
          "dependencies": [
            "aws_iam_role.lambda_assumeRole_policy",
            "data.local_file.lambda_assumeRole_policy",
            "data.local_file.lambda_policy"
          ]
        }
      ]
    },
    {
      "mode": "managed",
      "type": "aws_lambda_function",
      "name": "function_ebs",
      "provider": "provider[\"registry.terraform.io/hashicorp/aws\"]",
      "instances": [
        {
          "schema_version": 0,
          "attributes": {
            "architectures": [
              "x86_64"
            ],
            "arn": "arn:aws:lambda:us-west-1:485916066384:function:automatic_ebs_snapshot",
            "code_signing_config_arn": "",
            "dead_letter_config": [],
            "description": "",
            "environment": [
              {
                "variables": {
                  "TAG_KEY": "Achive",
                  "TAG_VALUE": "automatic"
                }
              }
            ],
            "file_system_config": [],
            "filename": "code/index.zip",
            "function_name": "automatic_ebs_snapshot",
            "handler": "index.lambda_handler",
            "id": "automatic_ebs_snapshot",
            "image_config": [],
            "image_uri": "",
            "invoke_arn": "arn:aws:apigateway:us-west-1:lambda:path/2015-03-31/functions/arn:aws:lambda:us-west-1:485916066384:function:automatic_ebs_snapshot/invocations",
            "kms_key_arn": "",
            "last_modified": "2022-11-16T06:52:11.524+0000",
            "layers": null,
            "memory_size": 128,
            "package_type": "Zip",
            "publish": false,
            "qualified_arn": "arn:aws:lambda:us-west-1:485916066384:function:automatic_ebs_snapshot:$LATEST",
            "reserved_concurrent_executions": -1,
            "role": "arn:aws:iam::485916066384:role/ebsSnapshotPolicy",
            "runtime": "python3.9",
            "s3_bucket": null,
            "s3_key": null,
            "s3_object_version": null,
            "signing_job_arn": "",
            "signing_profile_version_arn": "",
            "source_code_hash": "EuQz5YJC89mXpSb60NgNfZHdqdMqgzb3wn8lF0KJnX8=",
            "source_code_size": 771,
            "tags": {
              "IaC": "Terraform"
            },
            "tags_all": {
              "IaC": "Terraform"
            },
            "timeout": 600,
            "timeouts": null,
            "tracing_config": [
              {
                "mode": "PassThrough"
              }
            ],
            "version": "$LATEST",
            "vpc_config": []
          },
          "sensitive_attributes": [],
          "private": "eyJlMmJmYjczMC1lY2FhLTExZTYtOGY4OC0zNDM2M2JjN2M0YzAiOnsiY3JlYXRlIjo2MDAwMDAwMDAwMDB9fQ==",
          "dependencies": [
            "aws_iam_role.lambda_assumeRole_policy",
            "data.local_file.lambda_assumeRole_policy"
          ]
        }
      ]
    },
    {
      "mode": "managed",
      "type": "aws_lambda_permission",
      "name": "function_ebs_permission",
      "provider": "provider[\"registry.terraform.io/hashicorp/aws\"]",
      "instances": [
        {
          "schema_version": 0,
          "attributes": {
            "action": "lambda:InvokeFunction",
            "event_source_token": null,
            "function_name": "automatic_ebs_snapshot",
            "id": "function_ebs_permission",
            "principal": "events.amazonaws.com",
            "qualifier": "",
            "source_account": null,
            "source_arn": "arn:aws:events:us-west-1:485916066384:rule/automatic_ebs_snapshot_rule",
            "statement_id": "function_ebs_permission",
            "statement_id_prefix": null
          },
          "sensitive_attributes": [],
          "private": "bnVsbA==",
          "dependencies": [
            "aws_cloudwatch_event_rule.event_rule",
            "aws_iam_role.lambda_assumeRole_policy",
            "aws_lambda_function.function_ebs",
            "data.local_file.lambda_assumeRole_policy"
          ]
        }
      ]
    }
  ],
  "check_results": null
}
